{
  "name": "nlg-backend",
  "lockfileVersion": 3,
  "requires": true,
  "packages": {
    "": {
      "dependencies": {
        "explorer-opener": "^1.0.1"
      }
    },
    "node_modules/explorer-opener": {
      "version": "1.0.1",
      "resolved": "https://registry.npmjs.org/explorer-opener/-/explorer-opener-1.0.1.tgz",
      "integrity": "sha512-UimYX294uh2ltmyMkjb6hZwkLZvfa8Pu9SXHpAQrrtS5KWEQ5LfNpLYQwT8U/lLILpR0fJd6m5TfPK2UvU5HoA=="
    }
  }
}
